
Microsoft Visual Studio Solution File, Format Version 12.00
# Visual Studio Version 17
VisualStudioVersion = 17.1.32421.90
MinimumVisualStudioVersion = 10.0.40219.1
Project("{9A19103F-16F7-4668-BE54-9A1E7A4F7556}") = "UserRegistration", "UserRegistration.csproj", "{D2F765B3-4FB7-4A25-9C31-84FF21296E83}"
EndProject
Project("{9A19103F-16F7-4668-BE54-9A1E7A4F7556}") = "UserRegisterationTest", "..\RegexTest\UserRegisterationTest.csproj", "{C0D57821-C0C4-48BE-9943-8284DAB50E16}"
EndProject
Global
	GlobalSection(SolutionConfigurationPlatforms) = preSolution
		Debug|Any CPU = Debug|Any CPU
		Release|Any CPU = Release|Any CPU
	EndGlobalSection
	GlobalSection(ProjectConfigurationPlatforms) = postSolution
		{D2F765B3-4FB7-4A25-9C31-84FF21296E83}.Debug|Any CPU.ActiveCfg = Debug|Any CPU
		{D2F765B3-4FB7-4A25-9C31-84FF21296E83}.Debug|Any CPU.Build.0 = Debug|Any CPU
		{D2F765B3-4FB7-4A25-9C31-84FF21296E83}.Release|Any CPU.ActiveCfg = Release|Any CPU
		{D2F765B3-4FB7-4A25-9C31-84FF21296E83}.Release|Any CPU.Build.0 = Release|Any CPU
		{C0D57821-C0C4-48BE-9943-8284DAB50E16}.Debug|Any CPU.ActiveCfg = Debug|Any CPU
		{C0D57821-C0C4-48BE-9943-8284DAB50E16}.Debug|Any CPU.Build.0 = Debug|Any CPU
		{C0D57821-C0C4-48BE-9943-8284DAB50E16}.Release|Any CPU.ActiveCfg = Release|Any CPU
		{C0D57821-C0C4-48BE-9943-8284DAB50E16}.Release|Any CPU.Build.0 = Release|Any CPU
	EndGlobalSection
	GlobalSection(SolutionProperties) = preSolution
		HideSolutionNode = FALSE
	EndGlobalSection
	GlobalSection(ExtensibilityGlobals) = postSolution
		SolutionGuid = {465E75BD-B7A8-48E3-9EDD-78C963DB576A}
	EndGlobalSection
EndGlobal
